
Microsoft Visual Studio Solution File, Format Version 12.00
# Visual Studio Version 17
VisualStudioVersion = 17.3.32825.248
MinimumVisualStudioVersion = 10.0.40219.1
Project("{FAE04EC0-301F-11D3-BF4B-00C04F79EFBC}") = "Assignment3-wbwright", "Assignment3-wbwright\Assignment3-wbwright.csproj", "{EFD91677-89EE-4606-8F90-D61494354AAE}"
EndProject
Global
	GlobalSection(SolutionConfigurationPlatforms) = preSolution
		Debug|Any CPU = Debug|Any CPU
		Release|Any CPU = Release|Any CPU
	EndGlobalSection
	GlobalSection(ProjectConfigurationPlatforms) = postSolution
		{EFD91677-89EE-4606-8F90-D61494354AAE}.Debug|Any CPU.ActiveCfg = Debug|Any CPU
		{EFD91677-89EE-4606-8F90-D61494354AAE}.Debug|Any CPU.Build.0 = Debug|Any CPU
		{EFD91677-89EE-4606-8F90-D61494354AAE}.Release|Any CPU.ActiveCfg = Release|Any CPU
		{EFD91677-89EE-4606-8F90-D61494354AAE}.Release|Any CPU.Build.0 = Release|Any CPU
	EndGlobalSection
	GlobalSection(SolutionProperties) = preSolution
		HideSolutionNode = FALSE
	EndGlobalSection
	GlobalSection(ExtensibilityGlobals) = postSolution
		SolutionGuid = {66CE34D9-C689-4F41-B986-713A347F493F}
	EndGlobalSection
EndGlobal
